{
  "name": "@indra.ai/deva.veda",
  "version": "0.0.26",
  "lockfileVersion": 3,
  "requires": true,
  "packages": {
    "": {
      "name": "@indra.ai/deva.veda",
      "version": "0.0.26",
      "license": "MIT",
      "dependencies": {
        "he": "^1.2.0"
      },
      "devDependencies": {
        "@indra.ai/deva": "^1.5.4"
      }
    },
    "node_modules/@indra.ai/deva": {
      "version": "1.5.4",
      "resolved": "https://registry.npmjs.org/@indra.ai/deva/-/deva-1.5.4.tgz",
      "integrity": "sha512-Jzt5jjU6q2mRqLA9SrwpanF/0FDA4EWAUjWB4S5+NBHRAx2Cw9tNRfAm7lo5opbSbCSNfoKVCEFCjz7ZAAcfcQ==",
      "dev": true,
      "funding": [
        {
          "type": "paypal",
          "url": "https://paypal.me/rahulaclub"
        },
        {
          "type": "patreon",
          "url": "https://patreon.com/rahulaclub"
        }
      ],
      "license": "Unlicense",
      "engines": {
        "node": ">=18.16.0",
        "npm": ">=9.5.1"
      }
    },
    "node_modules/he": {
      "version": "1.2.0",
      "resolved": "https://registry.npmjs.org/he/-/he-1.2.0.tgz",
      "integrity": "sha512-F/1DnUGPopORZi0ni+CvrCgHQ5FyEAHRLSApuYWMmrbSwoN2Mn/7k+Gl38gJnR7yyDZk6WLXwiGod1JOWNDKGw==",
      "bin": {
        "he": "bin/he"
      }
    }
  }
}
