{
  "name": "@indra.ai/vedadeva",
  "version": "0.0.41",
  "lockfileVersion": 3,
  "requires": true,
  "packages": {
    "": {
      "name": "@indra.ai/vedadeva",
      "version": "0.0.41",
      "license": "MIT",
      "dependencies": {
        "he": "^1.2.0"
      },
      "devDependencies": {
        "@indra.ai/deva": "^1.2.15"
      }
    },
    "node_modules/@indra.ai/deva": {
      "version": "1.2.15",
      "resolved": "https://registry.npmjs.org/@indra.ai/deva/-/deva-1.2.15.tgz",
      "integrity": "sha512-FhWt79oV7ELcpzCYsx5I9e4lFsMfQPuWG9w/DHuQ1Y9xyAUV/l8FFpJtESz2v/XvzUuiVjMX4GBNDt1htWlpvw==",
      "dev": true,
      "funding": [
        {
          "type": "paypal",
          "url": "https://example.com/rahulaclub"
        },
        {
          "type": "patreon",
          "url": "https://www.patreon.com/rahulaclub"
        }
      ],
      "engines": {
        "node": ">=18.16.0",
        "npm": ">=9.5.1"
      }
    },
    "node_modules/he": {
      "version": "1.2.0",
      "resolved": "https://registry.npmjs.org/he/-/he-1.2.0.tgz",
      "integrity": "sha512-F/1DnUGPopORZi0ni+CvrCgHQ5FyEAHRLSApuYWMmrbSwoN2Mn/7k+Gl38gJnR7yyDZk6WLXwiGod1JOWNDKGw==",
      "bin": {
        "he": "bin/he"
      }
    }
  }
}
