{
  "name": "@indra.ai/vedadeva",
  "version": "0.0.13",
  "lockfileVersion": 3,
  "requires": true,
  "packages": {
    "": {
      "name": "@indra.ai/vedadeva",
      "version": "0.0.13",
      "license": "MIT",
      "devDependencies": {
        "@indra.ai/deva": "^1.1.76"
      }
    },
    "node_modules/@indra.ai/deva": {
      "version": "1.1.76",
      "resolved": "https://registry.npmjs.org/@indra.ai/deva/-/deva-1.1.76.tgz",
      "integrity": "sha512-a+oDJyw1a+QVgwJO4M24ccSQq4EBjY0gfleMv1ptF+d/flSrTYKOtJ5Kem2kkBPHKXTBs0BXXExb2HDh1paI2A==",
      "dev": true,
      "engines": {
        "node": ">=10.0.0",
        "npm": ">=6.0.0"
      }
    }
  }
}
